
Microsoft Visual Studio Solution File, Format Version 10.00
# Visual Studio 2008
Project("{E24C65DC-7377-472B-9ABA-BC803B73C61A}") = "onlineexam", "E:\1_Project\POC\Src\onlineexam\", "{78D3BB72-E460-406C-8113-E7ED67DF1082}"
	ProjectSection(WebsiteProperties) = preProject
		SccProjectName = "Svn"
		SccAuxPath = "Svn"
		SccLocalPath = "Svn"
		SccProvider = "SubversionScc"
		TargetFramework = "3.5"
		Debug.AspNetCompiler.VirtualPath = "/onlineexam"
		Debug.AspNetCompiler.PhysicalPath = "E:\1_Project\POC\Src\onlineexam\"
		Debug.AspNetCompiler.TargetPath = "PrecompiledWeb\onlineexam\"
		Debug.AspNetCompiler.Updateable = "true"
		Debug.AspNetCompiler.ForceOverwrite = "true"
		Debug.AspNetCompiler.FixedNames = "false"
		Debug.AspNetCompiler.Debug = "True"
		Release.AspNetCompiler.VirtualPath = "/onlineexam"
		Release.AspNetCompiler.PhysicalPath = "E:\1_Project\POC\Src\onlineexam\"
		Release.AspNetCompiler.TargetPath = "PrecompiledWeb\onlineexam\"
		Release.AspNetCompiler.Updateable = "true"
		Release.AspNetCompiler.ForceOverwrite = "true"
		Release.AspNetCompiler.FixedNames = "false"
		Release.AspNetCompiler.Debug = "False"
		VWDPort = "4994"
		DefaultWebSiteLanguage = "Visual C#"
	EndProjectSection
EndProject
Global
	GlobalSection(SubversionScc) = preSolution
		Svn-Managed = True
		Manager = AnkhSVN - Subversion Support for Visual Studio
	EndGlobalSection
	GlobalSection(SolutionConfigurationPlatforms) = preSolution
		Debug|.NET = Debug|.NET
	EndGlobalSection
	GlobalSection(ProjectConfigurationPlatforms) = postSolution
		{78D3BB72-E460-406C-8113-E7ED67DF1082}.Debug|.NET.ActiveCfg = Debug|.NET
		{78D3BB72-E460-406C-8113-E7ED67DF1082}.Debug|.NET.Build.0 = Debug|.NET
	EndGlobalSection
	GlobalSection(SolutionProperties) = preSolution
		HideSolutionNode = FALSE
	EndGlobalSection
EndGlobal
